
Microsoft Visual Studio Solution File, Format Version 12.00
# Visual Studio Version 17
VisualStudioVersion = 17.1.32414.318
MinimumVisualStudioVersion = 10.0.40219.1
Project("{E24C65DC-7377-472B-9ABA-BC803B73C61A}") = "HW5", "HW5\", "{F7711308-FD79-4652-B93D-4D5AD4071911}"
	ProjectSection(WebsiteProperties) = preProject
		TargetFrameworkMoniker = ".NETFramework,Version%3Dv4.7.2"
		Debug.AspNetCompiler.VirtualPath = "/localhost_49867"
		Debug.AspNetCompiler.PhysicalPath = "HW5\"
		Debug.AspNetCompiler.TargetPath = "PrecompiledWeb\localhost_49867\"
		Debug.AspNetCompiler.Updateable = "true"
		Debug.AspNetCompiler.ForceOverwrite = "true"
		Debug.AspNetCompiler.FixedNames = "false"
		Debug.AspNetCompiler.Debug = "True"
		Release.AspNetCompiler.VirtualPath = "/localhost_49867"
		Release.AspNetCompiler.PhysicalPath = "HW5\"
		Release.AspNetCompiler.TargetPath = "PrecompiledWeb\localhost_49867\"
		Release.AspNetCompiler.Updateable = "true"
		Release.AspNetCompiler.ForceOverwrite = "true"
		Release.AspNetCompiler.FixedNames = "false"
		Release.AspNetCompiler.Debug = "False"
		VWDPort = "49867"
		SlnRelativePath = "HW5\"
		DefaultWebSiteLanguage = "Visual C#"
	EndProjectSection
EndProject
Global
	GlobalSection(SolutionConfigurationPlatforms) = preSolution
		Debug|Any CPU = Debug|Any CPU
	EndGlobalSection
	GlobalSection(ProjectConfigurationPlatforms) = postSolution
		{F7711308-FD79-4652-B93D-4D5AD4071911}.Debug|Any CPU.ActiveCfg = Debug|Any CPU
		{F7711308-FD79-4652-B93D-4D5AD4071911}.Debug|Any CPU.Build.0 = Debug|Any CPU
	EndGlobalSection
	GlobalSection(SolutionProperties) = preSolution
		HideSolutionNode = FALSE
	EndGlobalSection
	GlobalSection(ExtensibilityGlobals) = postSolution
		SolutionGuid = {8DE175D2-6BED-455D-A5E1-EC2D8DACE49A}
	EndGlobalSection
EndGlobal
